
Microsoft Visual Studio Solution File, Format Version 12.00
# Visual Studio Version 17
VisualStudioVersion = 17.0.31903.59
MinimumVisualStudioVersion = 10.0.40219.1
Project("{2150E333-8FDC-42A3-9474-1A3956D46DE8}") = "src", "src", "{8C3A7D5F-5B8E-4A9F-9C1D-2E3F4A5B6C7D}"
EndProject
Project("{2150E333-8FDC-42A3-9474-1A3956D46DE8}") = "tests", "tests", "{9D4B8E6F-6C9F-5B0G-0D2E-3F4G5B6C7D8E}"
EndProject
Project("{2150E333-8FDC-42A3-9474-1A3956D46DE8}") = "samples", "samples", "{0E5C9F7G-7D0G-6C1H-1E3F-4G5H6C7D8E9F}"
EndProject
Project("{2150E333-8FDC-42A3-9474-1A3956D46DE8}") = "Solution Items", "Solution Items", "{1F6D0G8H-8E1H-7D2I-2F4G-5H6I7D8E9F0G}"
	ProjectSection(SolutionItems) = preProject
		README.md = README.md
		LICENSE = LICENSE
		.editorconfig = .editorconfig
		Directory.Build.props = Directory.Build.props
		.gitignore = .gitignore
	EndProjectSection
EndProject
Project("{FAE04EC0-301F-11D3-BF4B-00C04F79EFBC}") = "FileTransfer.Core", "src\FileTransfer.Core\FileTransfer.Core.csproj", "{A1B2C3D4-E5F6-4A5B-8C7D-9E0F1A2B3C4D}"
EndProject
Project("{FAE04EC0-301F-11D3-BF4B-00C04F79EFBC}") = "FileTransfer.Security", "src\FileTransfer.Security\FileTransfer.Security.csproj", "{B2C3D4E5-F6A7-5B6C-9D8E-0F1A2B3C4D5E}"
EndProject
Project("{FAE04EC0-301F-11D3-BF4B-00C04F79EFBC}") = "FileTransfer.Compression", "src\FileTransfer.Compression\FileTransfer.Compression.csproj", "{C3D4E5F6-A7B8-6C7D-0E9F-1A2B3C4D5E6F}"
EndProject
Project("{FAE04EC0-301F-11D3-BF4B-00C04F79EFBC}") = "FileTransfer.Auditing", "src\FileTransfer.Auditing\FileTransfer.Auditing.csproj", "{D4E5F6A7-B8C9-7D8E-1F0A-2B3C4D5E6F7A}"
EndProject
Project("{FAE04EC0-301F-11D3-BF4B-00C04F79EFBC}") = "FileTransfer.Providers.Http", "src\FileTransfer.Providers.Http\FileTransfer.Providers.Http.csproj", "{E5F6A7B8-C9D0-8E9F-2A1B-3C4D5E6F7A8B}"
EndProject
Project("{FAE04EC0-301F-11D3-BF4B-00C04F79EFBC}") = "FileTransfer.Providers.Ftp", "src\FileTransfer.Providers.Ftp\FileTransfer.Providers.Ftp.csproj", "{F6A7B8C9-D0E1-9F0A-3B2C-4D5E6F7A8B9C}"
EndProject
Project("{FAE04EC0-301F-11D3-BF4B-00C04F79EFBC}") = "FileTransfer.Providers.Sftp", "src\FileTransfer.Providers.Sftp\FileTransfer.Providers.Sftp.csproj", "{A7B8C9D0-E1F2-0A1B-4C3D-5E6F7A8B9C0D}"
EndProject
Project("{FAE04EC0-301F-11D3-BF4B-00C04F79EFBC}") = "FileTransfer.Providers.Scp", "src\FileTransfer.Providers.Scp\FileTransfer.Providers.Scp.csproj", "{B8C9D0E1-F2A3-1B2C-5D4E-6F7A8B9C0D1E}"
EndProject
Project("{FAE04EC0-301F-11D3-BF4B-00C04F79EFBC}") = "FileTransfer.Providers.WebSocket", "src\FileTransfer.Providers.WebSocket\FileTransfer.Providers.WebSocket.csproj", "{C9D0E1F2-A3B4-2C3D-6E5F-7A8B9C0D1E2F}"
EndProject
Project("{FAE04EC0-301F-11D3-BF4B-00C04F79EFBC}") = "FileTransfer.Providers.Custom", "src\FileTransfer.Providers.Custom\FileTransfer.Providers.Custom.csproj", "{D0E1F2A3-B4C5-3D4E-7F6A-8B9C0D1E2F3A}"
EndProject
Project("{FAE04EC0-301F-11D3-BF4B-00C04F79EFBC}") = "FileTransfer.Factory", "src\FileTransfer.Factory\FileTransfer.Factory.csproj", "{E1F2A3B4-C5D6-4E5F-8A7B-9C0D1E2F3A4B}"
EndProject
Project("{FAE04EC0-301F-11D3-BF4B-00C04F79EFBC}") = "FileTransfer.Hosting", "src\FileTransfer.Hosting\FileTransfer.Hosting.csproj", "{F2A3B4C5-D6E7-5F6A-9B8C-0D1E2F3A4B5C}"
EndProject
Project("{FAE04EC0-301F-11D3-BF4B-00C04F79EFBC}") = "FileTransfer.Tests", "tests\FileTransfer.Tests\FileTransfer.Tests.csproj", "{A3B4C5D6-E7F8-6A7B-0C9D-1E2F3A4B5C6D}"
EndProject
Project("{FAE04EC0-301F-11D3-BF4B-00C04F79EFBC}") = "ApiSample", "samples\ApiSample\ApiSample.csproj", "{B4C5D6E7-F8A9-7B8C-1D0E-2F3A4B5C6D7E}"
EndProject
Project("{FAE04EC0-301F-11D3-BF4B-00C04F79EFBC}") = "WorkerSample", "samples\WorkerSample\WorkerSample.csproj", "{C5D6E7F8-A9B0-8C9D-2E1F-3A4B5C6D7E8F}"
EndProject
Project("{FAE04EC0-301F-11D3-BF4B-00C04F79EFBC}") = "WinFormsSample", "samples\WinFormsSample\WinFormsSample.csproj", "{D6E7F8A9-B0C1-9D0E-3F2A-4B5C6D7E8F9A}"
EndProject
Global
	GlobalSection(SolutionConfigurationPlatforms) = preSolution
		Debug|Any CPU = Debug|Any CPU
		Release|Any CPU = Release|Any CPU
	EndGlobalSection
	GlobalSection(ProjectConfigurationPlatforms) = postSolution
		{A1B2C3D4-E5F6-4A5B-8C7D-9E0F1A2B3C4D}.Debug|Any CPU.ActiveCfg = Debug|Any CPU
		{A1B2C3D4-E5F6-4A5B-8C7D-9E0F1A2B3C4D}.Debug|Any CPU.Build.0 = Debug|Any CPU
		{A1B2C3D4-E5F6-4A5B-8C7D-9E0F1A2B3C4D}.Release|Any CPU.ActiveCfg = Release|Any CPU
		{A1B2C3D4-E5F6-4A5B-8C7D-9E0F1A2B3C4D}.Release|Any CPU.Build.0 = Release|Any CPU
		{B2C3D4E5-F6A7-5B6C-9D8E-0F1A2B3C4D5E}.Debug|Any CPU.ActiveCfg = Debug|Any CPU
		{B2C3D4E5-F6A7-5B6C-9D8E-0F1A2B3C4D5E}.Debug|Any CPU.Build.0 = Debug|Any CPU
		{B2C3D4E5-F6A7-5B6C-9D8E-0F1A2B3C4D5E}.Release|Any CPU.ActiveCfg = Release|Any CPU
		{B2C3D4E5-F6A7-5B6C-9D8E-0F1A2B3C4D5E}.Release|Any CPU.Build.0 = Release|Any CPU
		{C3D4E5F6-A7B8-6C7D-0E9F-1A2B3C4D5E6F}.Debug|Any CPU.ActiveCfg = Debug|Any CPU
		{C3D4E5F6-A7B8-6C7D-0E9F-1A2B3C4D5E6F}.Debug|Any CPU.Build.0 = Debug|Any CPU
		{C3D4E5F6-A7B8-6C7D-0E9F-1A2B3C4D5E6F}.Release|Any CPU.ActiveCfg = Release|Any CPU
		{C3D4E5F6-A7B8-6C7D-0E9F-1A2B3C4D5E6F}.Release|Any CPU.Build.0 = Release|Any CPU
		{D4E5F6A7-B8C9-7D8E-1F0A-2B3C4D5E6F7A}.Debug|Any CPU.ActiveCfg = Debug|Any CPU
		{D4E5F6A7-B8C9-7D8E-1F0A-2B3C4D5E6F7A}.Debug|Any CPU.Build.0 = Debug|Any CPU
		{D4E5F6A7-B8C9-7D8E-1F0A-2B3C4D5E6F7A}.Release|Any CPU.ActiveCfg = Release|Any CPU
		{D4E5F6A7-B8C9-7D8E-1F0A-2B3C4D5E6F7A}.Release|Any CPU.Build.0 = Release|Any CPU
		{E5F6A7B8-C9D0-8E9F-2A1B-3C4D5E6F7A8B}.Debug|Any CPU.ActiveCfg = Debug|Any CPU
		{E5F6A7B8-C9D0-8E9F-2A1B-3C4D5E6F7A8B}.Debug|Any CPU.Build.0 = Debug|Any CPU
		{E5F6A7B8-C9D0-8E9F-2A1B-3C4D5E6F7A8B}.Release|Any CPU.ActiveCfg = Release|Any CPU
		{E5F6A7B8-C9D0-8E9F-2A1B-3C4D5E6F7A8B}.Release|Any CPU.Build.0 = Release|Any CPU
		{F6A7B8C9-D0E1-9F0A-3B2C-4D5E6F7A8B9C}.Debug|Any CPU.ActiveCfg = Debug|Any CPU
		{F6A7B8C9-D0E1-9F0A-3B2C-4D5E6F7A8B9C}.Debug|Any CPU.Build.0 = Debug|Any CPU
		{F6A7B8C9-D0E1-9F0A-3B2C-4D5E6F7A8B9C}.Release|Any CPU.ActiveCfg = Release|Any CPU
		{F6A7B8C9-D0E1-9F0A-3B2C-4D5E6F7A8B9C}.Release|Any CPU.Build.0 = Release|Any CPU
		{A7B8C9D0-E1F2-0A1B-4C3D-5E6F7A8B9C0D}.Debug|Any CPU.ActiveCfg = Debug|Any CPU
		{A7B8C9D0-E1F2-0A1B-4C3D-5E6F7A8B9C0D}.Debug|Any CPU.Build.0 = Debug|Any CPU
		{A7B8C9D0-E1F2-0A1B-4C3D-5E6F7A8B9C0D}.Release|Any CPU.ActiveCfg = Release|Any CPU
		{A7B8C9D0-E1F2-0A1B-4C3D-5E6F7A8B9C0D}.Release|Any CPU.Build.0 = Release|Any CPU
		{B8C9D0E1-F2A3-1B2C-5D4E-6F7A8B9C0D1E}.Debug|Any CPU.ActiveCfg = Debug|Any CPU
		{B8C9D0E1-F2A3-1B2C-5D4E-6F7A8B9C0D1E}.Debug|Any CPU.Build.0 = Debug|Any CPU
		{B8C9D0E1-F2A3-1B2C-5D4E-6F7A8B9C0D1E}.Release|Any CPU.ActiveCfg = Release|Any CPU
		{B8C9D0E1-F2A3-1B2C-5D4E-6F7A8B9C0D1E}.Release|Any CPU.Build.0 = Release|Any CPU
		{C9D0E1F2-A3B4-2C3D-6E5F-7A8B9C0D1E2F}.Debug|Any CPU.ActiveCfg = Debug|Any CPU
		{C9D0E1F2-A3B4-2C3D-6E5F-7A8B9C0D1E2F}.Debug|Any CPU.Build.0 = Debug|Any CPU
		{C9D0E1F2-A3B4-2C3D-6E5F-7A8B9C0D1E2F}.Release|Any CPU.ActiveCfg = Release|Any CPU
		{C9D0E1F2-A3B4-2C3D-6E5F-7A8B9C0D1E2F}.Release|Any CPU.Build.0 = Release|Any CPU
		{D0E1F2A3-B4C5-3D4E-7F6A-8B9C0D1E2F3A}.Debug|Any CPU.ActiveCfg = Debug|Any CPU
		{D0E1F2A3-B4C5-3D4E-7F6A-8B9C0D1E2F3A}.Debug|Any CPU.Build.0 = Debug|Any CPU
		{D0E1F2A3-B4C5-3D4E-7F6A-8B9C0D1E2F3A}.Release|Any CPU.ActiveCfg = Release|Any CPU
		{D0E1F2A3-B4C5-3D4E-7F6A-8B9C0D1E2F3A}.Release|Any CPU.Build.0 = Release|Any CPU
		{E1F2A3B4-C5D6-4E5F-8A7B-9C0D1E2F3A4B}.Debug|Any CPU.ActiveCfg = Debug|Any CPU
		{E1F2A3B4-C5D6-4E5F-8A7B-9C0D1E2F3A4B}.Debug|Any CPU.Build.0 = Debug|Any CPU
		{E1F2A3B4-C5D6-4E5F-8A7B-9C0D1E2F3A4B}.Release|Any CPU.ActiveCfg = Release|Any CPU
		{E1F2A3B4-C5D6-4E5F-8A7B-9C0D1E2F3A4B}.Release|Any CPU.Build.0 = Release|Any CPU
		{F2A3B4C5-D6E7-5F6A-9B8C-0D1E2F3A4B5C}.Debug|Any CPU.ActiveCfg = Debug|Any CPU
		{F2A3B4C5-D6E7-5F6A-9B8C-0D1E2F3A4B5C}.Debug|Any CPU.Build.0 = Debug|Any CPU
		{F2A3B4C5-D6E7-5F6A-9B8C-0D1E2F3A4B5C}.Release|Any CPU.ActiveCfg = Release|Any CPU
		{F2A3B4C5-D6E7-5F6A-9B8C-0D1E2F3A4B5C}.Release|Any CPU.Build.0 = Release|Any CPU
		{A3B4C5D6-E7F8-6A7B-0C9D-1E2F3A4B5C6D}.Debug|Any CPU.ActiveCfg = Debug|Any CPU
		{A3B4C5D6-E7F8-6A7B-0C9D-1E2F3A4B5C6D}.Debug|Any CPU.Build.0 = Debug|Any CPU
		{A3B4C5D6-E7F8-6A7B-0C9D-1E2F3A4B5C6D}.Release|Any CPU.ActiveCfg = Release|Any CPU
		{A3B4C5D6-E7F8-6A7B-0C9D-1E2F3A4B5C6D}.Release|Any CPU.Build.0 = Release|Any CPU
		{B4C5D6E7-F8A9-7B8C-1D0E-2F3A4B5C6D7E}.Debug|Any CPU.ActiveCfg = Debug|Any CPU
		{B4C5D6E7-F8A9-7B8C-1D0E-2F3A4B5C6D7E}.Debug|Any CPU.Build.0 = Debug|Any CPU
		{B4C5D6E7-F8A9-7B8C-1D0E-2F3A4B5C6D7E}.Release|Any CPU.ActiveCfg = Release|Any CPU
		{B4C5D6E7-F8A9-7B8C-1D0E-2F3A4B5C6D7E}.Release|Any CPU.Build.0 = Release|Any CPU
		{C5D6E7F8-A9B0-8C9D-2E1F-3A4B5C6D7E8F}.Debug|Any CPU.ActiveCfg = Debug|Any CPU
		{C5D6E7F8-A9B0-8C9D-2E1F-3A4B5C6D7E8F}.Debug|Any CPU.Build.0 = Debug|Any CPU
		{C5D6E7F8-A9B0-8C9D-2E1F-3A4B5C6D7E8F}.Release|Any CPU.ActiveCfg = Release|Any CPU
		{C5D6E7F8-A9B0-8C9D-2E1F-3A4B5C6D7E8F}.Release|Any CPU.Build.0 = Release|Any CPU
		{D6E7F8A9-B0C1-9D0E-3F2A-4B5C6D7E8F9A}.Debug|Any CPU.ActiveCfg = Debug|Any CPU
		{D6E7F8A9-B0C1-9D0E-3F2A-4B5C6D7E8F9A}.Debug|Any CPU.Build.0 = Debug|Any CPU
		{D6E7F8A9-B0C1-9D0E-3F2A-4B5C6D7E8F9A}.Release|Any CPU.ActiveCfg = Release|Any CPU
		{D6E7F8A9-B0C1-9D0E-3F2A-4B5C6D7E8F9A}.Release|Any CPU.Build.0 = Release|Any CPU
	EndGlobalSection
	GlobalSection(NestedProjects) = preSolution
		{A1B2C3D4-E5F6-4A5B-8C7D-9E0F1A2B3C4D} = {8C3A7D5F-5B8E-4A9F-9C1D-2E3F4A5B6C7D}
		{B2C3D4E5-F6A7-5B6C-9D8E-0F1A2B3C4D5E} = {8C3A7D5F-5B8E-4A9F-9C1D-2E3F4A5B6C7D}
		{C3D4E5F6-A7B8-6C7D-0E9F-1A2B3C4D5E6F} = {8C3A7D5F-5B8E-4A9F-9C1D-2E3F4A5B6C7D}
		{D4E5F6A7-B8C9-7D8E-1F0A-2B3C4D5E6F7A} = {8C3A7D5F-5B8E-4A9F-9C1D-2E3F4A5B6C7D}
		{E5F6A7B8-C9D0-8E9F-2A1B-3C4D5E6F7A8B} = {8C3A7D5F-5B8E-4A9F-9C1D-2E3F4A5B6C7D}
		{F6A7B8C9-D0E1-9F0A-3B2C-4D5E6F7A8B9C} = {8C3A7D5F-5B8E-4A9F-9C1D-2E3F4A5B6C7D}
		{A7B8C9D0-E1F2-0A1B-4C3D-5E6F7A8B9C0D} = {8C3A7D5F-5B8E-4A9F-9C1D-2E3F4A5B6C7D}
		{B8C9D0E1-F2A3-1B2C-5D4E-6F7A8B9C0D1E} = {8C3A7D5F-5B8E-4A9F-9C1D-2E3F4A5B6C7D}
		{C9D0E1F2-A3B4-2C3D-6E5F-7A8B9C0D1E2F} = {8C3A7D5F-5B8E-4A9F-9C1D-2E3F4A5B6C7D}
		{D0E1F2A3-B4C5-3D4E-7F6A-8B9C0D1E2F3A} = {8C3A7D5F-5B8E-4A9F-9C1D-2E3F4A5B6C7D}
		{E1F2A3B4-C5D6-4E5F-8A7B-9C0D1E2F3A4B} = {8C3A7D5F-5B8E-4A9F-9C1D-2E3F4A5B6C7D}
		{F2A3B4C5-D6E7-5F6A-9B8C-0D1E2F3A4B5C} = {8C3A7D5F-5B8E-4A9F-9C1D-2E3F4A5B6C7D}
		{A3B4C5D6-E7F8-6A7B-0C9D-1E2F3A4B5C6D} = {9D4B8E6F-6C9F-5B0G-0D2E-3F4G5B6C7D8E}
		{B4C5D6E7-F8A9-7B8C-1D0E-2F3A4B5C6D7E} = {0E5C9F7G-7D0G-6C1H-1E3F-4G5H6C7D8E9F}
		{C5D6E7F8-A9B0-8C9D-2E1F-3A4B5C6D7E8F} = {0E5C9F7G-7D0G-6C1H-1E3F-4G5H6C7D8E9F}
		{D6E7F8A9-B0C1-9D0E-3F2A-4B5C6D7E8F9A} = {0E5C9F7G-7D0G-6C1H-1E3F-4G5H6C7D8E9F}
	EndGlobalSection
EndGlobal
